
Microsoft Visual Studio Solution File, Format Version 12.00
# Visual Studio 14
VisualStudioVersion = 14.0.23107.0
MinimumVisualStudioVersion = 10.0.40219.1
Project("{FAE04EC0-301F-11D3-BF4B-00C04F79EFBC}") = "Quiron.LojaVirtual.Dominio", "Quiron.LojaVirtual.Dominio\Quiron.LojaVirtual.Dominio.csproj", "{2A634441-7086-4804-8DB2-4EA18873175F}"
EndProject
Project("{FAE04EC0-301F-11D3-BF4B-00C04F79EFBC}") = "Quiron.LojaVirtual.Web", "Quiron.LojaVirtual.Web\Quiron.LojaVirtual.Web.csproj", "{B782A259-3C93-40A8-B5E6-3C654776A2FB}"
EndProject
Project("{FAE04EC0-301F-11D3-BF4B-00C04F79EFBC}") = "Quiron.LojaVirtual.UnitTest", "Quiron.LojaVirtual.UnitTest\Quiron.LojaVirtual.UnitTest.csproj", "{6BD72C2E-44FC-4223-96A8-43F17D1822B8}"
EndProject
Global
	GlobalSection(SolutionConfigurationPlatforms) = preSolution
		Debug|Any CPU = Debug|Any CPU
		Release|Any CPU = Release|Any CPU
	EndGlobalSection
	GlobalSection(ProjectConfigurationPlatforms) = postSolution
		{2A634441-7086-4804-8DB2-4EA18873175F}.Debug|Any CPU.ActiveCfg = Debug|Any CPU
		{2A634441-7086-4804-8DB2-4EA18873175F}.Debug|Any CPU.Build.0 = Debug|Any CPU
		{2A634441-7086-4804-8DB2-4EA18873175F}.Release|Any CPU.ActiveCfg = Release|Any CPU
		{2A634441-7086-4804-8DB2-4EA18873175F}.Release|Any CPU.Build.0 = Release|Any CPU
		{B782A259-3C93-40A8-B5E6-3C654776A2FB}.Debug|Any CPU.ActiveCfg = Debug|Any CPU
		{B782A259-3C93-40A8-B5E6-3C654776A2FB}.Debug|Any CPU.Build.0 = Debug|Any CPU
		{B782A259-3C93-40A8-B5E6-3C654776A2FB}.Release|Any CPU.ActiveCfg = Release|Any CPU
		{B782A259-3C93-40A8-B5E6-3C654776A2FB}.Release|Any CPU.Build.0 = Release|Any CPU
		{6BD72C2E-44FC-4223-96A8-43F17D1822B8}.Debug|Any CPU.ActiveCfg = Debug|Any CPU
		{6BD72C2E-44FC-4223-96A8-43F17D1822B8}.Debug|Any CPU.Build.0 = Debug|Any CPU
		{6BD72C2E-44FC-4223-96A8-43F17D1822B8}.Release|Any CPU.ActiveCfg = Release|Any CPU
		{6BD72C2E-44FC-4223-96A8-43F17D1822B8}.Release|Any CPU.Build.0 = Release|Any CPU
	EndGlobalSection
	GlobalSection(SolutionProperties) = preSolution
		HideSolutionNode = FALSE
	EndGlobalSection
EndGlobal
